
Microsoft Visual Studio Solution File, Format Version 12.00
# Visual Studio Version 16
VisualStudioVersion = 16.0.31515.178
MinimumVisualStudioVersion = 10.0.40219.1
Project("{FAE04EC0-301F-11D3-BF4B-00C04F79EFBC}") = "Operations", "MathOperations\Operations.csproj", "{04C7F86F-9C0E-4D6C-9B31-C30454C6508A}"
EndProject
Project("{FAE04EC0-301F-11D3-BF4B-00C04F79EFBC}") = "Animals", "Animals\Animals.csproj", "{8E7C680D-930A-4A67-AE5E-FF3948B1CB90}"
EndProject
Project("{FAE04EC0-301F-11D3-BF4B-00C04F79EFBC}") = "Shapes", "Shapes\Shapes.csproj", "{B85A5576-8E69-40E6-AA78-F186C97CA068}"
EndProject
Global
	GlobalSection(SolutionConfigurationPlatforms) = preSolution
		Debug|Any CPU = Debug|Any CPU
		Release|Any CPU = Release|Any CPU
	EndGlobalSection
	GlobalSection(ProjectConfigurationPlatforms) = postSolution
		{04C7F86F-9C0E-4D6C-9B31-C30454C6508A}.Debug|Any CPU.ActiveCfg = Debug|Any CPU
		{04C7F86F-9C0E-4D6C-9B31-C30454C6508A}.Debug|Any CPU.Build.0 = Debug|Any CPU
		{04C7F86F-9C0E-4D6C-9B31-C30454C6508A}.Release|Any CPU.ActiveCfg = Release|Any CPU
		{04C7F86F-9C0E-4D6C-9B31-C30454C6508A}.Release|Any CPU.Build.0 = Release|Any CPU
		{8E7C680D-930A-4A67-AE5E-FF3948B1CB90}.Debug|Any CPU.ActiveCfg = Debug|Any CPU
		{8E7C680D-930A-4A67-AE5E-FF3948B1CB90}.Debug|Any CPU.Build.0 = Debug|Any CPU
		{8E7C680D-930A-4A67-AE5E-FF3948B1CB90}.Release|Any CPU.ActiveCfg = Release|Any CPU
		{8E7C680D-930A-4A67-AE5E-FF3948B1CB90}.Release|Any CPU.Build.0 = Release|Any CPU
		{B85A5576-8E69-40E6-AA78-F186C97CA068}.Debug|Any CPU.ActiveCfg = Debug|Any CPU
		{B85A5576-8E69-40E6-AA78-F186C97CA068}.Debug|Any CPU.Build.0 = Debug|Any CPU
		{B85A5576-8E69-40E6-AA78-F186C97CA068}.Release|Any CPU.ActiveCfg = Release|Any CPU
		{B85A5576-8E69-40E6-AA78-F186C97CA068}.Release|Any CPU.Build.0 = Release|Any CPU
	EndGlobalSection
	GlobalSection(SolutionProperties) = preSolution
		HideSolutionNode = FALSE
	EndGlobalSection
	GlobalSection(ExtensibilityGlobals) = postSolution
		SolutionGuid = {28744699-0E75-49B8-B419-3C65997B4CDA}
	EndGlobalSection
EndGlobal
