
Microsoft Visual Studio Solution File, Format Version 12.00
# Visual Studio Version 16
VisualStudioVersion = 16.0.31515.178
MinimumVisualStudioVersion = 10.0.40219.1
Project("{9A19103F-16F7-4668-BE54-9A1E7A4F7556}") = "DefineAnInterfaceIPerson", "DefineAnInterfaceIPerson\DefineAnInterfaceIPerson.csproj", "{FF56DE37-9528-4879-8635-6FD74E002EFD}"
EndProject
Project("{9A19103F-16F7-4668-BE54-9A1E7A4F7556}") = "MultipleImplementation", "MultipleImplementation\MultipleImplementation.csproj", "{D32643AC-F56E-4150-926C-C43513ACE126}"
EndProject
Project("{9A19103F-16F7-4668-BE54-9A1E7A4F7556}") = "Telephony", "Telephony\Telephony.csproj", "{EA689128-9AB6-4F9D-B2FA-E438C83555DA}"
EndProject
Project("{FAE04EC0-301F-11D3-BF4B-00C04F79EFBC}") = "BorderControl", "BorderControl\BorderControl.csproj", "{CD38044C-1D8E-40F4-B438-D5EBCAA242D3}"
EndProject
Global
	GlobalSection(SolutionConfigurationPlatforms) = preSolution
		Debug|Any CPU = Debug|Any CPU
		Release|Any CPU = Release|Any CPU
	EndGlobalSection
	GlobalSection(ProjectConfigurationPlatforms) = postSolution
		{FF56DE37-9528-4879-8635-6FD74E002EFD}.Debug|Any CPU.ActiveCfg = Debug|Any CPU
		{FF56DE37-9528-4879-8635-6FD74E002EFD}.Debug|Any CPU.Build.0 = Debug|Any CPU
		{FF56DE37-9528-4879-8635-6FD74E002EFD}.Release|Any CPU.ActiveCfg = Release|Any CPU
		{FF56DE37-9528-4879-8635-6FD74E002EFD}.Release|Any CPU.Build.0 = Release|Any CPU
		{D32643AC-F56E-4150-926C-C43513ACE126}.Debug|Any CPU.ActiveCfg = Debug|Any CPU
		{D32643AC-F56E-4150-926C-C43513ACE126}.Debug|Any CPU.Build.0 = Debug|Any CPU
		{D32643AC-F56E-4150-926C-C43513ACE126}.Release|Any CPU.ActiveCfg = Release|Any CPU
		{D32643AC-F56E-4150-926C-C43513ACE126}.Release|Any CPU.Build.0 = Release|Any CPU
		{EA689128-9AB6-4F9D-B2FA-E438C83555DA}.Debug|Any CPU.ActiveCfg = Debug|Any CPU
		{EA689128-9AB6-4F9D-B2FA-E438C83555DA}.Debug|Any CPU.Build.0 = Debug|Any CPU
		{EA689128-9AB6-4F9D-B2FA-E438C83555DA}.Release|Any CPU.ActiveCfg = Release|Any CPU
		{EA689128-9AB6-4F9D-B2FA-E438C83555DA}.Release|Any CPU.Build.0 = Release|Any CPU
		{CD38044C-1D8E-40F4-B438-D5EBCAA242D3}.Debug|Any CPU.ActiveCfg = Debug|Any CPU
		{CD38044C-1D8E-40F4-B438-D5EBCAA242D3}.Debug|Any CPU.Build.0 = Debug|Any CPU
		{CD38044C-1D8E-40F4-B438-D5EBCAA242D3}.Release|Any CPU.ActiveCfg = Release|Any CPU
		{CD38044C-1D8E-40F4-B438-D5EBCAA242D3}.Release|Any CPU.Build.0 = Release|Any CPU
	EndGlobalSection
	GlobalSection(SolutionProperties) = preSolution
		HideSolutionNode = FALSE
	EndGlobalSection
	GlobalSection(ExtensibilityGlobals) = postSolution
		SolutionGuid = {F8FB7679-807B-459C-BC8E-1E4B839DF03C}
	EndGlobalSection
EndGlobal
