
Microsoft Visual Studio Solution File, Format Version 12.00
# Visual Studio Version 16
VisualStudioVersion = 16.0.31515.178
MinimumVisualStudioVersion = 10.0.40219.1
Project("{FAE04EC0-301F-11D3-BF4B-00C04F79EFBC}") = "UnitTestingBasics", "UnitTestingBasics\UnitTestingBasics.csproj", "{04068AA6-E5B3-4378-A839-5AF3B18FCC53}"
EndProject
Global
	GlobalSection(SolutionConfigurationPlatforms) = preSolution
		Debug|Any CPU = Debug|Any CPU
		Release|Any CPU = Release|Any CPU
	EndGlobalSection
	GlobalSection(ProjectConfigurationPlatforms) = postSolution
		{04068AA6-E5B3-4378-A839-5AF3B18FCC53}.Debug|Any CPU.ActiveCfg = Debug|Any CPU
		{04068AA6-E5B3-4378-A839-5AF3B18FCC53}.Debug|Any CPU.Build.0 = Debug|Any CPU
		{04068AA6-E5B3-4378-A839-5AF3B18FCC53}.Release|Any CPU.ActiveCfg = Release|Any CPU
		{04068AA6-E5B3-4378-A839-5AF3B18FCC53}.Release|Any CPU.Build.0 = Release|Any CPU
	EndGlobalSection
	GlobalSection(SolutionProperties) = preSolution
		HideSolutionNode = FALSE
	EndGlobalSection
	GlobalSection(ExtensibilityGlobals) = postSolution
		SolutionGuid = {77C3827D-F5C1-43DD-884C-843BFD8E3274}
	EndGlobalSection
EndGlobal
