
Microsoft Visual Studio Solution File, Format Version 12.00
# Visual Studio Version 16
VisualStudioVersion = 16.0.31515.178
MinimumVisualStudioVersion = 10.0.40219.1
Project("{9A19103F-16F7-4668-BE54-9A1E7A4F7556}") = "01.EvenLines", "01.EvenLines\01.EvenLines.csproj", "{864D1802-9340-4D46-9AA9-E0D90B35E32C}"
EndProject
Project("{9A19103F-16F7-4668-BE54-9A1E7A4F7556}") = "02.LineNumbers", "02.LineNumbers\02.LineNumbers.csproj", "{1F3FFBC0-EE81-4D1C-950B-32F7427B1AB6}"
EndProject
Project("{9A19103F-16F7-4668-BE54-9A1E7A4F7556}") = "03.WordCount", "03.WordCount\03.WordCount.csproj", "{689B175A-1824-415E-B86F-877AFF38E91F}"
EndProject
Project("{9A19103F-16F7-4668-BE54-9A1E7A4F7556}") = "04.CopyBinaryFile", "04.CopyBinaryFile\04.CopyBinaryFile.csproj", "{4E5AD518-93F6-4344-AE0C-D7B92BC44A54}"
EndProject
Project("{9A19103F-16F7-4668-BE54-9A1E7A4F7556}") = "05.DirectoryTraversal", "05.DirectoryTraversal\05.DirectoryTraversal.csproj", "{CE6A7F6B-129C-4A06-872A-6D13F4E076E3}"
EndProject
Project("{FAE04EC0-301F-11D3-BF4B-00C04F79EFBC}") = "06.ZipAndExtract", "06.ZipAndExtract\06.ZipAndExtract.csproj", "{54C420D2-ED4E-407E-9EE2-B3041D623025}"
EndProject
Global
	GlobalSection(SolutionConfigurationPlatforms) = preSolution
		Debug|Any CPU = Debug|Any CPU
		Release|Any CPU = Release|Any CPU
	EndGlobalSection
	GlobalSection(ProjectConfigurationPlatforms) = postSolution
		{864D1802-9340-4D46-9AA9-E0D90B35E32C}.Debug|Any CPU.ActiveCfg = Debug|Any CPU
		{864D1802-9340-4D46-9AA9-E0D90B35E32C}.Debug|Any CPU.Build.0 = Debug|Any CPU
		{864D1802-9340-4D46-9AA9-E0D90B35E32C}.Release|Any CPU.ActiveCfg = Release|Any CPU
		{864D1802-9340-4D46-9AA9-E0D90B35E32C}.Release|Any CPU.Build.0 = Release|Any CPU
		{1F3FFBC0-EE81-4D1C-950B-32F7427B1AB6}.Debug|Any CPU.ActiveCfg = Debug|Any CPU
		{1F3FFBC0-EE81-4D1C-950B-32F7427B1AB6}.Debug|Any CPU.Build.0 = Debug|Any CPU
		{1F3FFBC0-EE81-4D1C-950B-32F7427B1AB6}.Release|Any CPU.ActiveCfg = Release|Any CPU
		{1F3FFBC0-EE81-4D1C-950B-32F7427B1AB6}.Release|Any CPU.Build.0 = Release|Any CPU
		{689B175A-1824-415E-B86F-877AFF38E91F}.Debug|Any CPU.ActiveCfg = Debug|Any CPU
		{689B175A-1824-415E-B86F-877AFF38E91F}.Debug|Any CPU.Build.0 = Debug|Any CPU
		{689B175A-1824-415E-B86F-877AFF38E91F}.Release|Any CPU.ActiveCfg = Release|Any CPU
		{689B175A-1824-415E-B86F-877AFF38E91F}.Release|Any CPU.Build.0 = Release|Any CPU
		{4E5AD518-93F6-4344-AE0C-D7B92BC44A54}.Debug|Any CPU.ActiveCfg = Debug|Any CPU
		{4E5AD518-93F6-4344-AE0C-D7B92BC44A54}.Debug|Any CPU.Build.0 = Debug|Any CPU
		{4E5AD518-93F6-4344-AE0C-D7B92BC44A54}.Release|Any CPU.ActiveCfg = Release|Any CPU
		{4E5AD518-93F6-4344-AE0C-D7B92BC44A54}.Release|Any CPU.Build.0 = Release|Any CPU
		{CE6A7F6B-129C-4A06-872A-6D13F4E076E3}.Debug|Any CPU.ActiveCfg = Debug|Any CPU
		{CE6A7F6B-129C-4A06-872A-6D13F4E076E3}.Debug|Any CPU.Build.0 = Debug|Any CPU
		{CE6A7F6B-129C-4A06-872A-6D13F4E076E3}.Release|Any CPU.ActiveCfg = Release|Any CPU
		{CE6A7F6B-129C-4A06-872A-6D13F4E076E3}.Release|Any CPU.Build.0 = Release|Any CPU
		{54C420D2-ED4E-407E-9EE2-B3041D623025}.Debug|Any CPU.ActiveCfg = Debug|Any CPU
		{54C420D2-ED4E-407E-9EE2-B3041D623025}.Debug|Any CPU.Build.0 = Debug|Any CPU
		{54C420D2-ED4E-407E-9EE2-B3041D623025}.Release|Any CPU.ActiveCfg = Release|Any CPU
		{54C420D2-ED4E-407E-9EE2-B3041D623025}.Release|Any CPU.Build.0 = Release|Any CPU
	EndGlobalSection
	GlobalSection(SolutionProperties) = preSolution
		HideSolutionNode = FALSE
	EndGlobalSection
	GlobalSection(ExtensibilityGlobals) = postSolution
		SolutionGuid = {43CA8BF7-87F1-4C7C-8DB0-EAAAB58464B8}
	EndGlobalSection
EndGlobal
